<?xml version="1.0"?>
<Project ToolsVersion="4.0" xmlns="http://schemas.microsoft.com/developer/msbuild/2003">
	<ItemGroup>
		<ClCompile Include="src\ofApp.cpp">
			<Filter>src</Filter>
		</ClCompile>
		<ClCompile Include="src\main.cpp">
			<Filter>src</Filter>
		</ClCompile>
		<ClCompile Include="..\..\..\addons\ofxBvh\src\ofxBvh.cpp">
			<Filter>addons\ofxBvh\src</Filter>
		</ClCompile>
	</ItemGroup>
	<ItemGroup>
		<Filter Include="src">
			<UniqueIdentifier>{d8376475-7454-4a24-b08a-aac121d3ad6f}</UniqueIdentifier>
		</Filter>
		<Filter Include="addons">
			<UniqueIdentifier>{DC91B802--6E9-C-41-D9-9-483-A402C50E583A}</UniqueIdentifier>
		</Filter>
		<Filter Include="addons\ofxBvh">
			<UniqueIdentifier>{6B5A7727--EF4-7-4C-C8-8-D03-711DCD882870}</UniqueIdentifier>
		</Filter>
		<Filter Include="addons\ofxBvh\src">
			<UniqueIdentifier>{2F88700B--8EE-A-4A-19-A-E17-646A1472893E}</UniqueIdentifier>
		</Filter>
	</ItemGroup>
	<ItemGroup>
		<ClInclude Include="src\ofApp.h">
			<Filter>src</Filter>
		</ClInclude>
		<ClInclude Include="..\..\..\addons\ofxBvh\src\ofxBvh.h">
			<Filter>addons\ofxBvh\src</Filter>
		</ClInclude>
	</ItemGroup>
	<ItemGroup>
		<ResourceCompile Include="icon.rc" />
	</ItemGroup>
</Project>
