<?xml version="1.0"?>
<Project ToolsVersion="4.0" xmlns="http://schemas.microsoft.com/developer/msbuild/2003">
	<ItemGroup>
		<ClCompile Include="src\ofApp.cpp">
			<Filter>src</Filter>
		</ClCompile>
		<ClCompile Include="src\main.cpp">
			<Filter>src</Filter>
		</ClCompile>
		<ClCompile Include="..\..\..\addons\ofxBvh\src\ofxBvh.cpp">
			<Filter>addons\ofxBvh\src</Filter>
		</ClCompile>
		<ClCompile Include="..\..\..\addons\ofxMarchingCubes\src\ofxMarchingCubes.cpp">
			<Filter>addons\ofxMarchingCubes\src</Filter>
		</ClCompile>
		<ClCompile Include="..\..\..\addons\ofxSTL\src\ofxSTLExporter.cpp">
			<Filter>addons\ofxSTL\src</Filter>
		</ClCompile>
		<ClCompile Include="..\..\..\addons\ofxSTL\src\ofxSTLImporter.cpp">
			<Filter>addons\ofxSTL\src</Filter>
		</ClCompile>
	</ItemGroup>
	<ItemGroup>
		<Filter Include="src">
			<UniqueIdentifier>{d8376475-7454-4a24-b08a-aac121d3ad6f}</UniqueIdentifier>
		</Filter>
		<Filter Include="addons">
			<UniqueIdentifier>{2BF494BB--ACC-B-4A-70-9-4DB-DAE83D079651}</UniqueIdentifier>
		</Filter>
		<Filter Include="addons\ofxBvh">
			<UniqueIdentifier>{8C21FF73--82C-8-41-16-B-06E-DD76155277BA}</UniqueIdentifier>
		</Filter>
		<Filter Include="addons\ofxBvh\src">
			<UniqueIdentifier>{10C932FA--B37-4-41-02-9-EB5-DE831B749428}</UniqueIdentifier>
		</Filter>
		<Filter Include="addons\ofxMarchingCubes">
			<UniqueIdentifier>{0653BE8B--6A7-A-4F-BD-B-842-470B865BF388}</UniqueIdentifier>
		</Filter>
		<Filter Include="addons\ofxMarchingCubes\src">
			<UniqueIdentifier>{1B0ABA2C--6A7-6-45-6F-A-678-96703E24AA9B}</UniqueIdentifier>
		</Filter>
		<Filter Include="addons\ofxSTL">
			<UniqueIdentifier>{15BF9AF1--BB9-B-46-37-8-B92-140FE790915A}</UniqueIdentifier>
		</Filter>
		<Filter Include="addons\ofxSTL\src">
			<UniqueIdentifier>{0D9B2507--420-2-42-4D-8-023-B9643FC565E0}</UniqueIdentifier>
		</Filter>
		<Filter Include="addons\ofxSTL\src\utils">
			<UniqueIdentifier>{1D371733--7AF-4-4F-A4-8-1BF-7D16761C64FB}</UniqueIdentifier>
		</Filter>
	</ItemGroup>
	<ItemGroup>
		<ClInclude Include="src\ofApp.h">
			<Filter>src</Filter>
		</ClInclude>
		<ClInclude Include="src\MetaBall.h">
			<Filter>src</Filter>
		</ClInclude>
		<ClInclude Include="..\..\..\addons\ofxBvh\src\ofxBvh.h">
			<Filter>addons\ofxBvh\src</Filter>
		</ClInclude>
		<ClInclude Include="..\..\..\addons\ofxMarchingCubes\src\ofxMarchingCubes.h">
			<Filter>addons\ofxMarchingCubes\src</Filter>
		</ClInclude>
		<ClInclude Include="..\..\..\addons\ofxMarchingCubes\src\ofxMCTypes.h">
			<Filter>addons\ofxMarchingCubes\src</Filter>
		</ClInclude>
		<ClInclude Include="..\..\..\addons\ofxMarchingCubes\src\Tables.h">
			<Filter>addons\ofxMarchingCubes\src</Filter>
		</ClInclude>
		<ClInclude Include="..\..\..\addons\ofxSTL\src\ofxSTL.h">
			<Filter>addons\ofxSTL\src</Filter>
		</ClInclude>
		<ClInclude Include="..\..\..\addons\ofxSTL\src\ofxSTLBase.h">
			<Filter>addons\ofxSTL\src</Filter>
		</ClInclude>
		<ClInclude Include="..\..\..\addons\ofxSTL\src\ofxSTLExporter.h">
			<Filter>addons\ofxSTL\src</Filter>
		</ClInclude>
		<ClInclude Include="..\..\..\addons\ofxSTL\src\ofxSTLFacet.h">
			<Filter>addons\ofxSTL\src</Filter>
		</ClInclude>
		<ClInclude Include="..\..\..\addons\ofxSTL\src\ofxSTLImporter.h">
			<Filter>addons\ofxSTL\src</Filter>
		</ClInclude>
		<ClInclude Include="..\..\..\addons\ofxSTL\src\utils\ofxSTLASCIIReader.h">
			<Filter>addons\ofxSTL\src\utils</Filter>
		</ClInclude>
		<ClInclude Include="..\..\..\addons\ofxSTL\src\utils\ofxSTLASCIIWriter.h">
			<Filter>addons\ofxSTL\src\utils</Filter>
		</ClInclude>
		<ClInclude Include="..\..\..\addons\ofxSTL\src\utils\ofxSTLBinaryReader.h">
			<Filter>addons\ofxSTL\src\utils</Filter>
		</ClInclude>
		<ClInclude Include="..\..\..\addons\ofxSTL\src\utils\ofxSTLBinaryWriter.h">
			<Filter>addons\ofxSTL\src\utils</Filter>
		</ClInclude>
		<ClInclude Include="..\..\..\addons\ofxSTL\src\utils\ofxSTLReaderBase.h">
			<Filter>addons\ofxSTL\src\utils</Filter>
		</ClInclude>
		<ClInclude Include="..\..\..\addons\ofxSTL\src\utils\ofxSTLWriterBase.h">
			<Filter>addons\ofxSTL\src\utils</Filter>
		</ClInclude>
	</ItemGroup>
	<ItemGroup>
		<ResourceCompile Include="icon.rc" />
	</ItemGroup>
</Project>
