<?xml version="1.0"?>
<Project ToolsVersion="4.0" xmlns="http://schemas.microsoft.com/developer/msbuild/2003">
	<ItemGroup>
		<ClCompile Include="src\ofApp.cpp">
			<Filter>src</Filter>
		</ClCompile>
		<ClCompile Include="src\main.cpp">
			<Filter>src</Filter>
		</ClCompile>
		<ClCompile Include="..\..\..\addons\ofxBvh\src\ofxBvh.cpp">
			<Filter>addons\ofxBvh\src</Filter>
		</ClCompile>
	</ItemGroup>
	<ItemGroup>
		<Filter Include="src">
			<UniqueIdentifier>{d8376475-7454-4a24-b08a-aac121d3ad6f}</UniqueIdentifier>
		</Filter>
		<Filter Include="addons">
			<UniqueIdentifier>{CA9B8CFC--F37-B-41-5C-9-0A7-5DE3FE425FC5}</UniqueIdentifier>
		</Filter>
		<Filter Include="addons\ofxBvh">
			<UniqueIdentifier>{4312E445--B19-8-4A-3F-A-6D0-DC02A7B29376}</UniqueIdentifier>
		</Filter>
		<Filter Include="addons\ofxBvh\src">
			<UniqueIdentifier>{BE76B6D7--92F-B-47-14-B-C26-76D5683708CE}</UniqueIdentifier>
		</Filter>
	</ItemGroup>
	<ItemGroup>
		<ClInclude Include="src\ofApp.h">
			<Filter>src</Filter>
		</ClInclude>
		<ClInclude Include="..\..\..\addons\ofxBvh\src\ofxBvh.h">
			<Filter>addons\ofxBvh\src</Filter>
		</ClInclude>
	</ItemGroup>
	<ItemGroup>
		<ResourceCompile Include="icon.rc" />
	</ItemGroup>
</Project>
