{
	"_OFProjectGeneratorVersion": "0.103.0",
	"archiveVersion": "1",
	"classes": {},
	"objectVersion": "54",
	"objects": {
		"0551D886-C49A-47F0-BE90-67DA7BE26332": {
			"fileEncoding": "4",
			"isa": "PBXFileReference",
			"lastKnownFileType": "sourcecode.cpp.h",
			"name": "Tables.h",
			"sourceTree": "<group>"
		},
		"070236F8-79E5-43F7-A3D6-63EA57993B57": {
			"children": [
				"B6EED9F6-4E58-46F5-9D09-2CBC778A1EDF",
				"6A091203-C6CD-4A0E-B676-114CE1FF12B6",
				"CEF47753-C00A-4186-8C6A-8409A8549277",
				"AB26F83B-DABD-40B3-9C25-9BE58CEED5E3",
				"C55381BD-0B65-4428-803A-6F861365AC20",
				"FC27A627-4A96-4457-9D29-443528FCA5A4"
			],
			"isa": "PBXGroup",
			"name": "utils",
			"path": "utils",
			"sourceTree": "<group>"
		},
		"191CD6FA2847E21E0085CBB6": {
			"fileEncoding": "4",
			"isa": "PBXFileReference",
			"lastKnownFileType": "text.plist.entitlements",
			"path": "of.entitlements",
			"sourceTree": "<group>"
		},
		"191EF70929D778A400F35F26": {
			"isa": "PBXFileReference",
			"lastKnownFileType": "folder",
			"name": "openFrameworks",
			"path": "../../../libs/openFrameworks",
			"sourceTree": "SOURCE_ROOT"
		},
		"19B789C429E5AB4A0082E9B8": {
			"alwaysOutOfDate": "1",
			"buildActionMask": "2147483647",
			"files": [],
			"inputFileListPaths": [],
			"inputPaths": [],
			"isa": "PBXShellScriptBuildPhase",
			"outputFileListPaths": [],
			"outputPaths": [],
			"runOnlyForDeploymentPostprocessing": "0",
			"shellPath": "/bin/sh",
			"shellScript": "\"$OF_PATH/scripts/osx/xcode_project.sh\"\n",
			"showEnvVarsInLog": "0"
		},
		"22488FF1-BC45-4E45-88DE-DF4175305716": {
			"children": [
				"2A42340F-02EC-4137-9857-82A5AD72AF85"
			],
			"isa": "PBXGroup",
			"name": "ofxSTL",
			"path": "ofxSTL",
			"sourceTree": "<group>"
		},
		"2A42340F-02EC-4137-9857-82A5AD72AF85": {
			"children": [
				"74220448-E2FD-437C-A1AF-F5E6DFBF91B6",
				"E06F676D-02FE-4DCB-AAEE-A8A82423AC19",
				"56C25BC9-9BFA-4794-BD3B-69691E57C804",
				"50310E2D-649A-4DB5-9A8F-B7C00E8F6DF8",
				"E8FE7650-550C-4C75-8CF2-BC7D2FDDA9F8",
				"2EAEAE21-3EAF-44EA-A6DD-819CE8BC7C82",
				"76F3E949-E0B5-4E40-8255-CFD03D13A43A",
				"070236F8-79E5-43F7-A3D6-63EA57993B57"
			],
			"isa": "PBXGroup",
			"name": "src",
			"path": "src",
			"sourceTree": "<group>"
		},
		"2EAEAE21-3EAF-44EA-A6DD-819CE8BC7C82": {
			"fileEncoding": "4",
			"isa": "PBXFileReference",
			"lastKnownFileType": "sourcecode.cpp.cpp",
			"name": "ofxSTLImporter.cpp",
			"sourceTree": "<group>"
		},
		"3EE51BAE-CF3F-41AA-B21C-EF92449707A1": {
			"fileEncoding": "4",
			"isa": "PBXFileReference",
			"lastKnownFileType": "folder",
			"name": "data",
			"path": "bin/data",
			"sourceTree": "SOURCE_ROOT"
		},
		"3FA35C73-F4B3-45A5-82BA-99750FCA6A5A": {
			"children": [
				"DB17508A-7376-43FF-9A08-AF387E25022A",
				"F4AA0C9F-3A0B-4651-899B-A5B51296CD7E"
			],
			"isa": "PBXGroup",
			"name": "src",
			"path": "src",
			"sourceTree": "<group>"
		},
		"4AF95C8F-6515-44BF-A6C8-0B972D8FECAC": {
			"fileRef": "56C25BC9-9BFA-4794-BD3B-69691E57C804",
			"isa": "PBXBuildFile"
		},
		"50310E2D-649A-4DB5-9A8F-B7C00E8F6DF8": {
			"fileEncoding": "4",
			"isa": "PBXFileReference",
			"lastKnownFileType": "sourcecode.cpp.h",
			"name": "ofxSTLExporter.h",
			"sourceTree": "<group>"
		},
		"5632213E-63CA-4E66-BFBE-52DC1199819D": {
			"children": [
				"0551D886-C49A-47F0-BE90-67DA7BE26332",
				"5AC75F66-EE54-41DC-8ED7-592CA9F5D451",
				"A3B2AB78-6CE4-47B2-B32F-20F6D0D89ABB",
				"EFFC5A36-C900-4FC0-ADAC-5568D453E52C"
			],
			"isa": "PBXGroup",
			"name": "src",
			"path": "src",
			"sourceTree": "<group>"
		},
		"56C25BC9-9BFA-4794-BD3B-69691E57C804": {
			"fileEncoding": "4",
			"isa": "PBXFileReference",
			"lastKnownFileType": "sourcecode.cpp.cpp",
			"name": "ofxSTLExporter.cpp",
			"sourceTree": "<group>"
		},
		"5AC75F66-EE54-41DC-8ED7-592CA9F5D451": {
			"fileEncoding": "4",
			"isa": "PBXFileReference",
			"lastKnownFileType": "sourcecode.cpp.h",
			"name": "ofxMCTypes.h",
			"sourceTree": "<group>"
		},
		"6A091203-C6CD-4A0E-B676-114CE1FF12B6": {
			"fileEncoding": "4",
			"isa": "PBXFileReference",
			"lastKnownFileType": "sourcecode.cpp.h",
			"name": "ofxSTLASCIIWriter.h",
			"sourceTree": "<group>"
		},
		"6D4AA2A0-DA07-4E6C-A0AA-C933BB2F7593": {
			"children": [
				"5632213E-63CA-4E66-BFBE-52DC1199819D"
			],
			"isa": "PBXGroup",
			"name": "ofxMarchingCubes",
			"path": "ofxMarchingCubes",
			"sourceTree": "<group>"
		},
		"74220448-E2FD-437C-A1AF-F5E6DFBF91B6": {
			"fileEncoding": "4",
			"isa": "PBXFileReference",
			"lastKnownFileType": "sourcecode.cpp.h",
			"name": "ofxSTL.h",
			"sourceTree": "<group>"
		},
		"76F3E949-E0B5-4E40-8255-CFD03D13A43A": {
			"fileEncoding": "4",
			"isa": "PBXFileReference",
			"lastKnownFileType": "sourcecode.cpp.h",
			"name": "ofxSTLImporter.h",
			"sourceTree": "<group>"
		},
		"9A17830B-7FE6-4F62-88B7-59CB1CA653D4": {
			"fileRef": "2EAEAE21-3EAF-44EA-A6DD-819CE8BC7C82",
			"isa": "PBXBuildFile"
		},
		"A3B2AB78-6CE4-47B2-B32F-20F6D0D89ABB": {
			"fileEncoding": "4",
			"isa": "PBXFileReference",
			"lastKnownFileType": "sourcecode.cpp.cpp",
			"name": "ofxMarchingCubes.cpp",
			"sourceTree": "<group>"
		},
		"AB26F83B-DABD-40B3-9C25-9BE58CEED5E3": {
			"fileEncoding": "4",
			"isa": "PBXFileReference",
			"lastKnownFileType": "sourcecode.cpp.h",
			"name": "ofxSTLBinaryWriter.h",
			"sourceTree": "<group>"
		},
		"B6EED9F6-4E58-46F5-9D09-2CBC778A1EDF": {
			"fileEncoding": "4",
			"isa": "PBXFileReference",
			"lastKnownFileType": "sourcecode.cpp.h",
			"name": "ofxSTLASCIIReader.h",
			"sourceTree": "<group>"
		},
		"B8A5CCBC-B13F-4D79-A84B-C5A8653E0A7B": {
			"fileRef": "A3B2AB78-6CE4-47B2-B32F-20F6D0D89ABB",
			"isa": "PBXBuildFile"
		},
		"BB4B014C10F69532006C3DED": {
			"children": [
				"FD29559B-CFB3-4A2F-90FE-9EFAEC8F8ADE",
				"6D4AA2A0-DA07-4E6C-A0AA-C933BB2F7593",
				"22488FF1-BC45-4E45-88DE-DF4175305716"
			],
			"isa": "PBXGroup",
			"name": "addons",
			"path": "../../../addons",
			"sourceTree": "SOURCE_ROOT"
		},
		"C55381BD-0B65-4428-803A-6F861365AC20": {
			"fileEncoding": "4",
			"isa": "PBXFileReference",
			"lastKnownFileType": "sourcecode.cpp.h",
			"name": "ofxSTLReaderBase.h",
			"sourceTree": "<group>"
		},
		"CEF47753-C00A-4186-8C6A-8409A8549277": {
			"fileEncoding": "4",
			"isa": "PBXFileReference",
			"lastKnownFileType": "sourcecode.cpp.h",
			"name": "ofxSTLBinaryReader.h",
			"sourceTree": "<group>"
		},
		"D296CCF0-BA66-45BD-A76F-6F2F6A0F5307": {
			"fileEncoding": "4",
			"isa": "PBXFileReference",
			"lastKnownFileType": "sourcecode.cpp.h",
			"name": "MetaBall.h",
			"sourceTree": "<group>"
		},
		"DB17508A-7376-43FF-9A08-AF387E25022A": {
			"fileEncoding": "4",
			"isa": "PBXFileReference",
			"lastKnownFileType": "sourcecode.cpp.cpp",
			"name": "ofxBvh.cpp",
			"sourceTree": "<group>"
		},
		"E06F676D-02FE-4DCB-AAEE-A8A82423AC19": {
			"fileEncoding": "4",
			"isa": "PBXFileReference",
			"lastKnownFileType": "sourcecode.cpp.h",
			"name": "ofxSTLBase.h",
			"sourceTree": "<group>"
		},
		"E42962A92163ECCD00A6A9E2": {
			"alwaysOutOfDate": "1",
			"buildActionMask": "2147483647",
			"files": [],
			"inputPaths": [],
			"isa": "PBXShellScriptBuildPhase",
			"name": "Run Script — Compile OF",
			"outputPaths": [],
			"runOnlyForDeploymentPostprocessing": "0",
			"shellPath": "/bin/sh",
			"shellScript": "$OF_CORE_BUILD_COMMAND\n",
			"showEnvVarsInLog": "0"
		},
		"E4A5B60F29BAAAE400C2D356": {
			"buildActionMask": "2147483647",
			"dstPath": "",
			"dstSubfolderSpec": "6",
			"files": [],
			"isa": "PBXCopyFilesBuildPhase",
			"runOnlyForDeploymentPostprocessing": "0"
		},
		"E4B69B4A0A3A1720003C02F2": {
			"children": [
				"191CD6FA2847E21E0085CBB6",
				"E4B6FCAD0C3E899E008CF71C",
				"E4EB6923138AFD0F00A09F29",
				"E4B69E1C0A3A1BDC003C02F2",
				"191EF70929D778A400F35F26",
				"BB4B014C10F69532006C3DED",
				"E4B69B5B0A3A1756003C02F2",
				"3EE51BAE-CF3F-41AA-B21C-EF92449707A1"
			],
			"isa": "PBXGroup",
			"sourceTree": "<group>"
		},
		"E4B69B4C0A3A1720003C02F2": {
			"attributes": {
				"BuildIndependentTargetsInParallel": "YES",
				"LastUpgradeCheck": "1540"
			},
			"buildConfigurationList": "E4B69B4D0A3A1720003C02F2",
			"compatibilityVersion": "Xcode 3.2",
			"developmentRegion": "en",
			"hasScannedForEncodings": "0",
			"isa": "PBXProject",
			"knownRegions": [
				"en",
				"Base"
			],
			"mainGroup": "E4B69B4A0A3A1720003C02F2",
			"productRefGroup": "E4B69B4A0A3A1720003C02F2",
			"projectDirPath": "",
			"projectRoot": "",
			"targets": [
				"E4B69B5A0A3A1756003C02F2"
			]
		},
		"E4B69B4D0A3A1720003C02F2": {
			"buildConfigurations": [
				"E4B69B4E0A3A1720003C02F2",
				"E4B69B4F0A3A1720003C02F2"
			],
			"defaultConfigurationIsVisible": "0",
			"defaultConfigurationName": "Release",
			"isa": "XCConfigurationList"
		},
		"E4B69B4E0A3A1720003C02F2": {
			"baseConfigurationReference": "E4EB6923138AFD0F00A09F29",
			"buildSettings": {
				"CODE_SIGN_ENTITLEMENTS": "of.entitlements",
				"COPY_PHASE_STRIP": "NO",
				"ENABLE_TESTABILITY": "YES",
				"GCC_OPTIMIZATION_LEVEL": "0",
				"GCC_WARN_UNUSED_VARIABLE": "NO",
				"HEADER_SEARCH_PATHS": [
					"$(OF_CORE_HEADERS)",
					"src"
				],
				"OTHER_CPLUSPLUSFLAGS": "-D__MACOSX_CORE__"
			},
			"isa": "XCBuildConfiguration",
			"name": "Debug"
		},
		"E4B69B4F0A3A1720003C02F2": {
			"baseConfigurationReference": "E4EB6923138AFD0F00A09F29",
			"buildSettings": {
				"CODE_SIGN_ENTITLEMENTS": "of.entitlements",
				"COPY_PHASE_STRIP": "YES",
				"GCC_OPTIMIZATION_LEVEL": "3",
				"GCC_UNROLL_LOOPS": "YES",
				"HEADER_SEARCH_PATHS": [
					"$(OF_CORE_HEADERS)",
					"src"
				],
				"OTHER_CPLUSPLUSFLAGS": "-D__MACOSX_CORE__"
			},
			"isa": "XCBuildConfiguration",
			"name": "Release"
		},
		"E4B69B580A3A1756003C02F2": {
			"buildActionMask": "2147483647",
			"files": [
				"E4B69E200A3A1BDC003C02F2",
				"E4B69E210A3A1BDC003C02F2",
				"EEF891FC-BEA9-4879-B020-05396B6B8FBB",
				"B8A5CCBC-B13F-4D79-A84B-C5A8653E0A7B",
				"4AF95C8F-6515-44BF-A6C8-0B972D8FECAC",
				"9A17830B-7FE6-4F62-88B7-59CB1CA653D4"
			],
			"isa": "PBXSourcesBuildPhase",
			"runOnlyForDeploymentPostprocessing": "0"
		},
		"E4B69B590A3A1756003C02F2": {
			"buildActionMask": "2147483647",
			"files": [],
			"isa": "PBXFrameworksBuildPhase",
			"runOnlyForDeploymentPostprocessing": "0"
		},
		"E4B69B5A0A3A1756003C02F2": {
			"buildConfigurationList": "E4B69B5F0A3A1757003C02F2",
			"buildPhases": [
				"E42962A92163ECCD00A6A9E2",
				"E4B69B580A3A1756003C02F2",
				"E4B69B590A3A1756003C02F2",
				"E4C2427710CC5ABF004149E2",
				"E4A5B60F29BAAAE400C2D356",
				"19B789C429E5AB4A0082E9B8"
			],
			"buildRules": [],
			"dependencies": [],
			"isa": "PBXNativeTarget",
			"name": "marching-cubes",
			"productName": "myOFApp",
			"productReference": "E4B69B5B0A3A1756003C02F2",
			"productType": "com.apple.product-type.application"
		},
		"E4B69B5B0A3A1756003C02F2": {
			"explicitFileType": "wrapper.application",
			"includeInIndex": "0",
			"isa": "PBXFileReference",
			"path": "marching-cubesDebug.app",
			"sourceTree": "BUILT_PRODUCTS_DIR"
		},
		"E4B69B5F0A3A1757003C02F2": {
			"buildConfigurations": [
				"E4B69B600A3A1757003C02F2",
				"E4B69B610A3A1757003C02F2"
			],
			"defaultConfigurationIsVisible": "0",
			"defaultConfigurationName": "Release",
			"isa": "XCConfigurationList"
		},
		"E4B69B600A3A1757003C02F2": {
			"baseConfigurationReference": "E4EB6923138AFD0F00A09F29",
			"buildSettings": {
				"ARCHS": "$(ARCHS_STANDARD)",
				"COPY_PHASE_STRIP": "NO",
				"FRAMEWORK_SEARCH_PATHS": "$(inherited)",
				"GCC_DYNAMIC_NO_PIC": "NO",
				"HEADER_SEARCH_PATHS": [
					"$(OF_CORE_HEADERS)",
					"src",
					"src",
					"../../../addons/ofxBvh/src",
					"../../../addons/ofxMarchingCubes/src",
					"../../../addons/ofxSTL/src",
					"../../../addons/ofxSTL/src/utils"
				],
				"LIBRARY_SEARCH_PATHS": "$(inherited)",
				"OTHER_LDFLAGS": [
					"$(OF_CORE_LIBS)",
					"$(OF_CORE_FRAMEWORKS)",
					"$(LIB_OF_DEBUG)"
				]
			},
			"isa": "XCBuildConfiguration",
			"name": "Debug"
		},
		"E4B69B610A3A1757003C02F2": {
			"baseConfigurationReference": "E4EB6923138AFD0F00A09F29",
			"buildSettings": {
				"ARCHS": "$(ARCHS_STANDARD)",
				"COPY_PHASE_STRIP": "YES",
				"FRAMEWORK_SEARCH_PATHS": "$(inherited)",
				"HEADER_SEARCH_PATHS": [
					"$(OF_CORE_HEADERS)",
					"src",
					"src",
					"../../../addons/ofxBvh/src",
					"../../../addons/ofxMarchingCubes/src",
					"../../../addons/ofxSTL/src",
					"../../../addons/ofxSTL/src/utils"
				],
				"LIBRARY_SEARCH_PATHS": "$(inherited)",
				"OTHER_LDFLAGS": [
					"$(OF_CORE_LIBS)",
					"$(OF_CORE_FRAMEWORKS)",
					"$(LIB_OF_RELEASE)"
				],
				"baseConfigurationReference": "E4EB6923138AFD0F00A09F29"
			},
			"isa": "XCBuildConfiguration",
			"name": "Release"
		},
		"E4B69E1C0A3A1BDC003C02F2": {
			"children": [
				"E4B69E1D0A3A1BDC003C02F2",
				"E4B69E1E0A3A1BDC003C02F2",
				"E4B69E1F0A3A1BDC003C02F2",
				"D296CCF0-BA66-45BD-A76F-6F2F6A0F5307"
			],
			"isa": "PBXGroup",
			"path": "src",
			"sourceTree": "SOURCE_ROOT"
		},
		"E4B69E1D0A3A1BDC003C02F2": {
			"fileEncoding": "4",
			"isa": "PBXFileReference",
			"lastKnownFileType": "sourcecode.cpp.cpp",
			"name": "main.cpp",
			"path": "src/main.cpp",
			"sourceTree": "SOURCE_ROOT"
		},
		"E4B69E1E0A3A1BDC003C02F2": {
			"explicitFileType": "sourcecode.cpp.cpp",
			"fileEncoding": "4",
			"isa": "PBXFileReference",
			"name": "ofApp.cpp",
			"path": "src/ofApp.cpp",
			"sourceTree": "SOURCE_ROOT"
		},
		"E4B69E1F0A3A1BDC003C02F2": {
			"fileEncoding": "4",
			"isa": "PBXFileReference",
			"lastKnownFileType": "sourcecode.c.h",
			"name": "ofApp.h",
			"path": "src/ofApp.h",
			"sourceTree": "SOURCE_ROOT"
		},
		"E4B69E200A3A1BDC003C02F2": {
			"fileRef": "E4B69E1D0A3A1BDC003C02F2",
			"isa": "PBXBuildFile"
		},
		"E4B69E210A3A1BDC003C02F2": {
			"fileRef": "E4B69E1E0A3A1BDC003C02F2",
			"isa": "PBXBuildFile"
		},
		"E4B6FCAD0C3E899E008CF71C": {
			"fileEncoding": "4",
			"isa": "PBXFileReference",
			"lastKnownFileType": "text.plist.xml",
			"path": "openFrameworks-Info.plist",
			"sourceTree": "<group>"
		},
		"E4C2427710CC5ABF004149E2": {
			"buildActionMask": "2147483647",
			"dstPath": "",
			"dstSubfolderSpec": "10",
			"files": [],
			"isa": "PBXCopyFilesBuildPhase",
			"runOnlyForDeploymentPostprocessing": "0"
		},
		"E4EB6923138AFD0F00A09F29": {
			"fileEncoding": "4",
			"isa": "PBXFileReference",
			"lastKnownFileType": "text.xcconfig",
			"path": "Project.xcconfig",
			"sourceTree": "<group>"
		},
		"E8FE7650-550C-4C75-8CF2-BC7D2FDDA9F8": {
			"fileEncoding": "4",
			"isa": "PBXFileReference",
			"lastKnownFileType": "sourcecode.cpp.h",
			"name": "ofxSTLFacet.h",
			"sourceTree": "<group>"
		},
		"EEF891FC-BEA9-4879-B020-05396B6B8FBB": {
			"fileRef": "DB17508A-7376-43FF-9A08-AF387E25022A",
			"isa": "PBXBuildFile"
		},
		"EFFC5A36-C900-4FC0-ADAC-5568D453E52C": {
			"fileEncoding": "4",
			"isa": "PBXFileReference",
			"lastKnownFileType": "sourcecode.cpp.h",
			"name": "ofxMarchingCubes.h",
			"sourceTree": "<group>"
		},
		"F4AA0C9F-3A0B-4651-899B-A5B51296CD7E": {
			"fileEncoding": "4",
			"isa": "PBXFileReference",
			"lastKnownFileType": "sourcecode.cpp.h",
			"name": "ofxBvh.h",
			"sourceTree": "<group>"
		},
		"FC27A627-4A96-4457-9D29-443528FCA5A4": {
			"fileEncoding": "4",
			"isa": "PBXFileReference",
			"lastKnownFileType": "sourcecode.cpp.h",
			"name": "ofxSTLWriterBase.h",
			"sourceTree": "<group>"
		},
		"FD29559B-CFB3-4A2F-90FE-9EFAEC8F8ADE": {
			"children": [
				"3FA35C73-F4B3-45A5-82BA-99750FCA6A5A"
			],
			"isa": "PBXGroup",
			"name": "ofxBvh",
			"path": "ofxBvh",
			"sourceTree": "<group>"
		}
	},
	"rootObject": "E4B69B4C0A3A1720003C02F2"
}